
Microsoft Visual Studio Solution File, Format Version 12.00
# Visual Studio 15
VisualStudioVersion = 15.0.28010.2046
MinimumVisualStudioVersion = 10.0.40219.1
Project("{FAE04EC0-301F-11D3-BF4B-00C04F79EFBC}") = "Operose", "Operose\Operose.csproj", "{54843A05-8FBC-4DAE-8EFD-8A1DC8CA977E}"
EndProject
Project("{FAE04EC0-301F-11D3-BF4B-00C04F79EFBC}") = "Operose.HelpersLib", "Operose.HelpersLib\Operose.HelpersLib.csproj", "{6369F9A8-EF19-4FEF-8EF4-DE57AC8CA111}"
EndProject
Project("{FAE04EC0-301F-11D3-BF4B-00C04F79EFBC}") = "Operose.ServicesLib", "Operose.ServicesLib\Operose.ServicesLib.csproj", "{3753722E-E5CD-4FCC-99E8-07C8C956E82C}"
EndProject
Global
	GlobalSection(SolutionConfigurationPlatforms) = preSolution
		Debug|Any CPU = Debug|Any CPU
		Release|Any CPU = Release|Any CPU
	EndGlobalSection
	GlobalSection(ProjectConfigurationPlatforms) = postSolution
		{54843A05-8FBC-4DAE-8EFD-8A1DC8CA977E}.Debug|Any CPU.ActiveCfg = Debug|Any CPU
		{54843A05-8FBC-4DAE-8EFD-8A1DC8CA977E}.Debug|Any CPU.Build.0 = Debug|Any CPU
		{54843A05-8FBC-4DAE-8EFD-8A1DC8CA977E}.Release|Any CPU.ActiveCfg = Release|Any CPU
		{54843A05-8FBC-4DAE-8EFD-8A1DC8CA977E}.Release|Any CPU.Build.0 = Release|Any CPU
		{6369F9A8-EF19-4FEF-8EF4-DE57AC8CA111}.Debug|Any CPU.ActiveCfg = Debug|Any CPU
		{6369F9A8-EF19-4FEF-8EF4-DE57AC8CA111}.Debug|Any CPU.Build.0 = Debug|Any CPU
		{6369F9A8-EF19-4FEF-8EF4-DE57AC8CA111}.Release|Any CPU.ActiveCfg = Release|Any CPU
		{6369F9A8-EF19-4FEF-8EF4-DE57AC8CA111}.Release|Any CPU.Build.0 = Release|Any CPU
		{3753722E-E5CD-4FCC-99E8-07C8C956E82C}.Debug|Any CPU.ActiveCfg = Debug|Any CPU
		{3753722E-E5CD-4FCC-99E8-07C8C956E82C}.Debug|Any CPU.Build.0 = Debug|Any CPU
		{3753722E-E5CD-4FCC-99E8-07C8C956E82C}.Release|Any CPU.ActiveCfg = Release|Any CPU
		{3753722E-E5CD-4FCC-99E8-07C8C956E82C}.Release|Any CPU.Build.0 = Release|Any CPU
	EndGlobalSection
	GlobalSection(SolutionProperties) = preSolution
		HideSolutionNode = FALSE
	EndGlobalSection
	GlobalSection(ExtensibilityGlobals) = postSolution
		SolutionGuid = {FF3F4681-5339-41C7-BDF1-1832FB362920}
	EndGlobalSection
EndGlobal
